
Microsoft Visual Studio Solution File, Format Version 12.00
# Visual Studio Version 16
VisualStudioVersion = 16.0.31402.337
MinimumVisualStudioVersion = 10.0.40219.1
Project("{9A19103F-16F7-4668-BE54-9A1E7A4F7556}") = "Web", "Web\Web.csproj", "{DD0168C9-C4F7-4514-B76F-B27545BCC6D5}"
EndProject
Project("{9A19103F-16F7-4668-BE54-9A1E7A4F7556}") = "Contracts", "Contracts\Contracts.csproj", "{E41E59D4-A575-4921-BDA9-C786AAE4D61B}"
EndProject
Project("{9A19103F-16F7-4668-BE54-9A1E7A4F7556}") = "LoggerService", "LoggerService\LoggerService.csproj", "{3C3B153F-5297-442D-9470-2058C7FB63EA}"
EndProject
Project("{9A19103F-16F7-4668-BE54-9A1E7A4F7556}") = "Entities", "Entities\Entities.csproj", "{E5BCF41A-DD1A-4C7F-943D-9CE7A6507DFF}"
EndProject
Project("{9A19103F-16F7-4668-BE54-9A1E7A4F7556}") = "Repository", "Repository\Repository.csproj", "{8189CE1C-CE79-4E6A-A569-F270C3BD4D89}"
EndProject
Project("{2150E333-8FDC-42A3-9474-1A3956D46DE8}") = "EmailService", "EmailService", "{62FC749F-321A-4299-BEDA-3F5F2DD2D24F}"
EndProject
Project("{FAE04EC0-301F-11D3-BF4B-00C04F79EFBC}") = "EmailService", "EmailService\EmailService.csproj", "{D30DEE66-0CBB-4194-AD15-078775F66B60}"
EndProject
Global
	GlobalSection(SolutionConfigurationPlatforms) = preSolution
		Debug|Any CPU = Debug|Any CPU
		Release|Any CPU = Release|Any CPU
	EndGlobalSection
	GlobalSection(ProjectConfigurationPlatforms) = postSolution
		{DD0168C9-C4F7-4514-B76F-B27545BCC6D5}.Debug|Any CPU.ActiveCfg = Debug|Any CPU
		{DD0168C9-C4F7-4514-B76F-B27545BCC6D5}.Debug|Any CPU.Build.0 = Debug|Any CPU
		{DD0168C9-C4F7-4514-B76F-B27545BCC6D5}.Release|Any CPU.ActiveCfg = Release|Any CPU
		{DD0168C9-C4F7-4514-B76F-B27545BCC6D5}.Release|Any CPU.Build.0 = Release|Any CPU
		{E41E59D4-A575-4921-BDA9-C786AAE4D61B}.Debug|Any CPU.ActiveCfg = Debug|Any CPU
		{E41E59D4-A575-4921-BDA9-C786AAE4D61B}.Debug|Any CPU.Build.0 = Debug|Any CPU
		{E41E59D4-A575-4921-BDA9-C786AAE4D61B}.Release|Any CPU.ActiveCfg = Release|Any CPU
		{E41E59D4-A575-4921-BDA9-C786AAE4D61B}.Release|Any CPU.Build.0 = Release|Any CPU
		{3C3B153F-5297-442D-9470-2058C7FB63EA}.Debug|Any CPU.ActiveCfg = Debug|Any CPU
		{3C3B153F-5297-442D-9470-2058C7FB63EA}.Debug|Any CPU.Build.0 = Debug|Any CPU
		{3C3B153F-5297-442D-9470-2058C7FB63EA}.Release|Any CPU.ActiveCfg = Release|Any CPU
		{3C3B153F-5297-442D-9470-2058C7FB63EA}.Release|Any CPU.Build.0 = Release|Any CPU
		{E5BCF41A-DD1A-4C7F-943D-9CE7A6507DFF}.Debug|Any CPU.ActiveCfg = Debug|Any CPU
		{E5BCF41A-DD1A-4C7F-943D-9CE7A6507DFF}.Debug|Any CPU.Build.0 = Debug|Any CPU
		{E5BCF41A-DD1A-4C7F-943D-9CE7A6507DFF}.Release|Any CPU.ActiveCfg = Release|Any CPU
		{E5BCF41A-DD1A-4C7F-943D-9CE7A6507DFF}.Release|Any CPU.Build.0 = Release|Any CPU
		{8189CE1C-CE79-4E6A-A569-F270C3BD4D89}.Debug|Any CPU.ActiveCfg = Debug|Any CPU
		{8189CE1C-CE79-4E6A-A569-F270C3BD4D89}.Debug|Any CPU.Build.0 = Debug|Any CPU
		{8189CE1C-CE79-4E6A-A569-F270C3BD4D89}.Release|Any CPU.ActiveCfg = Release|Any CPU
		{8189CE1C-CE79-4E6A-A569-F270C3BD4D89}.Release|Any CPU.Build.0 = Release|Any CPU
		{D30DEE66-0CBB-4194-AD15-078775F66B60}.Debug|Any CPU.ActiveCfg = Debug|Any CPU
		{D30DEE66-0CBB-4194-AD15-078775F66B60}.Debug|Any CPU.Build.0 = Debug|Any CPU
		{D30DEE66-0CBB-4194-AD15-078775F66B60}.Release|Any CPU.ActiveCfg = Release|Any CPU
		{D30DEE66-0CBB-4194-AD15-078775F66B60}.Release|Any CPU.Build.0 = Release|Any CPU
	EndGlobalSection
	GlobalSection(SolutionProperties) = preSolution
		HideSolutionNode = FALSE
	EndGlobalSection
	GlobalSection(NestedProjects) = preSolution
		{D30DEE66-0CBB-4194-AD15-078775F66B60} = {62FC749F-321A-4299-BEDA-3F5F2DD2D24F}
	EndGlobalSection
	GlobalSection(ExtensibilityGlobals) = postSolution
		SolutionGuid = {20E0BA67-AB10-4A29-81F6-A521B7C10898}
	EndGlobalSection
EndGlobal
